# This file is automatically @generated by Poetry 2.4.1 and should not be changed by hand.

[[package]]
name = "avro"
version = "1.12.1"
description = "Avro is a serialization and RPC framework."
optional = false
python-versions = ">=3.9"
groups = ["main"]
files = [
    {file = "avro-1.12.1-py2.py3-none-any.whl", hash = "sha256:970475dd6457924533966fe761be607c759d5a48390cc8fbed472f7c9a8868f2"},
    {file = "avro-1.12.1.tar.gz", hash = "sha256:c5b8dd2dd4c10816f0dc127cc29cfd43b5e405cf7e6840e89460a024bf3d098d"},
]

[package.extras]
snappy = ["python-snappy"]
zstandard = ["zstandard"]

[[package]]
name = "faker"
version = "40.19.1"
description = "Faker is a Python package that generates fake data for you."
optional = false
python-versions = ">=3.10"
groups = ["main"]
files = [
    {file = "faker-40.19.1-py3-none-any.whl", hash = "sha256:265259b37c013838baaae34940207288170df385d6c5281413fce56a3504d580"},
    {file = "faker-40.19.1.tar.gz", hash = "sha256:76fa71fd3bf320db25e5504eb356f9a76b8a95cd6098524d006f446035b6b89d"},
]

[package.dependencies]
tzdata = {version = "*", markers = "platform_system == \"Windows\""}

[package.extras]
tzdata = ["tzdata"]

[[package]]
name = "tzdata"
version = "2026.2"
description = "Provider of IANA time zone data"
optional = false
python-versions = ">=2"
groups = ["main"]
markers = "platform_system == \"Windows\""
files = [
    {file = "tzdata-2026.2-py2.py3-none-any.whl", hash = "sha256:bbe9af844f658da81a5f95019480da3a89415801f6cc966806612cc7169bffe7"},
    {file = "tzdata-2026.2.tar.gz", hash = "sha256:9173fde7d80d9018e02a662e168e5a2d04f87c41ea174b139fbef642eda62d10"},
]

[metadata]
lock-version = "2.1"
python-versions = ">=3.12"
content-hash = "e939754c1cdcd59392334f276343ab5f36b85089e1fc734cd163b2d965faabd6"
